schema: '2.0'
stages:
  data_ingestion:
    cmd: python src/data_ingestion.py
    deps:
    - path: src/data_ingestion.py
      hash: md5
      md5: bdc15f0304f59ce710b4d4dc51345373
      size: 471
    outs:
    - path: data/raw/test.csv
      hash: md5
      md5: 7443713d68c4d3c19499b7eaba1c672d
      size: 508
    - path: data/raw/train.csv
      hash: md5
      md5: e3979e36262893c4bc47f559364f695e
      size: 1866
  feature_engineering:
    cmd: python src/feature_engineering.py
    deps:
    - path: data/raw/test.csv
      hash: md5
      md5: 7443713d68c4d3c19499b7eaba1c672d
      size: 508
    - path: data/raw/train.csv
      hash: md5
      md5: e3979e36262893c4bc47f559364f695e
      size: 1866
    - path: src/feature_engineering.py
      hash: md5
      md5: 8579a076636e92e191106f8b95a707fe
      size: 1409
    params:
      params.yaml:
        feature_engineering.n_components: 2
    outs:
    - path: data/processed/test_processed.csv
      hash: md5
      md5: dfccae4a76b4f5f8a531dd1ec13bf878
      size: 864
    - path: data/processed/train_processed.csv
      hash: md5
      md5: 3fbb1621e07cb5751c3a64991c5037eb
      size: 3376
  train_model:
    cmd: python src/model_training.py
    deps:
    - path: data/processed/train_processed.csv
      hash: md5
      md5: 3fbb1621e07cb5751c3a64991c5037eb
      size: 3376
    - path: src/model_training.py
      hash: md5
      md5: bc44159337af4b1075009835f3065e48
      size: 941
    params:
      params.yaml:
        model_training.bootstrap: true
        model_training.criterion: entropy
        model_training.max_depth: 20
        model_training.n_estimators: 16
    outs:
    - path: model.pkl
      hash: md5
      md5: 9228a9926310ed79ed0f9c1b2518ccd7
      size: 61814
  evaluate_model:
    cmd: python src/model_evaluation.py
    deps:
    - path: data/processed/test_processed.csv
      hash: md5
      md5: dfccae4a76b4f5f8a531dd1ec13bf878
      size: 864
    - path: model.pkl
      hash: md5
      md5: 9228a9926310ed79ed0f9c1b2518ccd7
      size: 61814
    - path: src/model_evaluation.py
      hash: md5
      md5: e8e515fcc8d19fb131a6fe0661e68737
      size: 1385
    params:
      params.yaml:
        feature_engineering.n_components: 2
        model_training.bootstrap: true
        model_training.criterion: entropy
        model_training.max_depth: 20
        model_training.n_estimators: 16
    outs:
    - path: metrics.json
      hash: md5
      md5: 501506e895d84984a0e5f2f0f112b469
      size: 84
